
Microsoft Visual Studio Solution File, Format Version 12.00
# Visual Studio Version 16
VisualStudioVersion = 16.0.31410.357
MinimumVisualStudioVersion = 10.0.40219.1
Project("{FAE04EC0-301F-11D3-BF4B-00C04F79EFBC}") = "calculatro Mr.Klenin", "calculatro Mr.Klenin\calculatro Mr.Klenin.csproj", "{C00A2D4F-5FAB-44B1-9157-8EC80B34C01B}"
EndProject
Global
	GlobalSection(SolutionConfigurationPlatforms) = preSolution
		Debug|Any CPU = Debug|Any CPU
		Release|Any CPU = Release|Any CPU
	EndGlobalSection
	GlobalSection(ProjectConfigurationPlatforms) = postSolution
		{C00A2D4F-5FAB-44B1-9157-8EC80B34C01B}.Debug|Any CPU.ActiveCfg = Debug|Any CPU
		{C00A2D4F-5FAB-44B1-9157-8EC80B34C01B}.Debug|Any CPU.Build.0 = Debug|Any CPU
		{C00A2D4F-5FAB-44B1-9157-8EC80B34C01B}.Release|Any CPU.ActiveCfg = Release|Any CPU
		{C00A2D4F-5FAB-44B1-9157-8EC80B34C01B}.Release|Any CPU.Build.0 = Release|Any CPU
	EndGlobalSection
	GlobalSection(SolutionProperties) = preSolution
		HideSolutionNode = FALSE
	EndGlobalSection
	GlobalSection(ExtensibilityGlobals) = postSolution
		SolutionGuid = {33808382-CCD2-413F-BC05-C9CAB7A92753}
	EndGlobalSection
EndGlobal
